# This file is automatically @generated by Poetry 1.8.2 and should not be changed by hand.

[[package]]
name = "et-xmlfile"
version = "1.1.0"
description = "An implementation of lxml.xmlfile for the standard library"
optional = false
python-versions = ">=3.6"
files = [
    {file = "et_xmlfile-1.1.0-py3-none-any.whl", hash = "sha256:a2ba85d1d6a74ef63837eed693bcb89c3f752169b0e3e7ae5b16ca5e1b3deada"},
    {file = "et_xmlfile-1.1.0.tar.gz", hash = "sha256:8eb9e2bc2f8c97e37a2dc85a09ecdcdec9d8a396530a6d5a33b30b9a92da0c5c"},
]

[[package]]
name = "openpyxl"
version = "3.1.2"
description = "A Python library to read/write Excel 2010 xlsx/xlsm files"
optional = false
python-versions = ">=3.6"
files = [
    {file = "openpyxl-3.1.2-py2.py3-none-any.whl", hash = "sha256:f91456ead12ab3c6c2e9491cf33ba6d08357d802192379bb482f1033ade496f5"},
    {file = "openpyxl-3.1.2.tar.gz", hash = "sha256:a6f5977418eff3b2d5500d54d9db50c8277a368436f4e4f8ddb1be3422870184"},
]

[package.dependencies]
et-xmlfile = "*"

[[package]]
name = "pypdf"
version = "4.1.0"
description = "A pure-python PDF library capable of splitting, merging, cropping, and transforming PDF files"
optional = false
python-versions = ">=3.6"
files = [
    {file = "pypdf-4.1.0-py3-none-any.whl", hash = "sha256:16cac912a05200099cef3f347c4c7e0aaf0a6d027603b8f9a973c0ea500dff89"},
    {file = "pypdf-4.1.0.tar.gz", hash = "sha256:01c3257ec908676efd60a4537e525b89d48e0852bc92b4e0aa4cc646feda17cc"},
]

[package.extras]
crypto = ["PyCryptodome", "cryptography"]
dev = ["black", "flit", "pip-tools", "pre-commit (<2.18.0)", "pytest-cov", "pytest-socket", "pytest-timeout", "pytest-xdist", "wheel"]
docs = ["myst_parser", "sphinx", "sphinx_rtd_theme"]
full = ["Pillow (>=8.0.0)", "PyCryptodome", "cryptography"]
image = ["Pillow (>=8.0.0)"]

[[package]]
name = "pyside6"
version = "6.6.3"
description = "Python bindings for the Qt cross-platform application and UI framework"
optional = false
python-versions = "<3.13,>=3.8"
files = [
    {file = "PySide6-6.6.3-cp38-abi3-macosx_11_0_universal2.whl", hash = "sha256:0fece198904351fa39293b55de7f2392e9f9e7cfee061de88a77172e1013ea2c"},
    {file = "PySide6-6.6.3-cp38-abi3-manylinux_2_28_x86_64.whl", hash = "sha256:2b1970afa9aa2d04afa8c77e277494216d915771dc8bc5b1d4e80f553e473f7b"},
    {file = "PySide6-6.6.3-cp38-abi3-manylinux_2_31_aarch64.whl", hash = "sha256:1218d3511c6ead373035688db7ad5fe1b84da30d3b3d252f7043ba5b60571fdd"},
    {file = "PySide6-6.6.3-cp38-abi3-win_amd64.whl", hash = "sha256:98ac4ad46a351198ce9cdc08eec261148859c1386e149497c80c75fd1e2fc1a7"},
]

[package.dependencies]
PySide6-Addons = "6.6.3"
PySide6-Essentials = "6.6.3"
shiboken6 = "6.6.3"

[[package]]
name = "pyside6-addons"
version = "6.6.3"
description = "Python bindings for the Qt cross-platform application and UI framework (Addons)"
optional = false
python-versions = "<3.13,>=3.8"
files = [
    {file = "PySide6_Addons-6.6.3-cp38-abi3-macosx_11_0_universal2.whl", hash = "sha256:d2f363f5f2eb84e64b3e0ffeccd681592ff27582abd4247bc1ad979ae05fd3e9"},
    {file = "PySide6_Addons-6.6.3-cp38-abi3-manylinux_2_28_x86_64.whl", hash = "sha256:7fb0f38a7c5da5c56bdca72149c6669c43f5aeecce583e447b4b347089023cae"},
    {file = "PySide6_Addons-6.6.3-cp38-abi3-manylinux_2_31_aarch64.whl", hash = "sha256:0891f9950656cee22edd557594c61a54bb326fc70682b23565ddc6cd2a6c1415"},
    {file = "PySide6_Addons-6.6.3-cp38-abi3-win_amd64.whl", hash = "sha256:7d8ff1e063f3ff317ed6532ed3af240a28de2200ae2a1be454fd8ddf1b99c581"},
]

[package.dependencies]
PySide6-Essentials = "6.6.3"
shiboken6 = "6.6.3"

[[package]]
name = "pyside6-essentials"
version = "6.6.3"
description = "Python bindings for the Qt cross-platform application and UI framework (Essentials)"
optional = false
python-versions = "<3.13,>=3.8"
files = [
    {file = "PySide6_Essentials-6.6.3-cp38-abi3-macosx_11_0_universal2.whl", hash = "sha256:7b15d4419ad506e3af13d5d417582089baf31c2bcc74ac53c10457db81e69a11"},
    {file = "PySide6_Essentials-6.6.3-cp38-abi3-manylinux_2_28_x86_64.whl", hash = "sha256:d3553641712e2056808c1bf4504ac3343da9aeb671e33933d253e4e807f2eeaf"},
    {file = "PySide6_Essentials-6.6.3-cp38-abi3-manylinux_2_31_aarch64.whl", hash = "sha256:3f72f09f4971d6a376d1e29545c12dc13c78a6887e29f1c6034239c86fe65931"},
    {file = "PySide6_Essentials-6.6.3-cp38-abi3-win_amd64.whl", hash = "sha256:7bc9c7cb71dd24ac9631220ebed476801e2f2d3286be01a4cdf480539a3d1e5f"},
]

[package.dependencies]
shiboken6 = "6.6.3"

[[package]]
name = "pywin32"
version = "306"
description = "Python for Window Extensions"
optional = false
python-versions = "*"
files = [
    {file = "pywin32-306-cp310-cp310-win32.whl", hash = "sha256:06d3420a5155ba65f0b72f2699b5bacf3109f36acbe8923765c22938a69dfc8d"},
    {file = "pywin32-306-cp310-cp310-win_amd64.whl", hash = "sha256:84f4471dbca1887ea3803d8848a1616429ac94a4a8d05f4bc9c5dcfd42ca99c8"},
    {file = "pywin32-306-cp311-cp311-win32.whl", hash = "sha256:e65028133d15b64d2ed8f06dd9fbc268352478d4f9289e69c190ecd6818b6407"},
    {file = "pywin32-306-cp311-cp311-win_amd64.whl", hash = "sha256:a7639f51c184c0272e93f244eb24dafca9b1855707d94c192d4a0b4c01e1100e"},
    {file = "pywin32-306-cp311-cp311-win_arm64.whl", hash = "sha256:70dba0c913d19f942a2db25217d9a1b726c278f483a919f1abfed79c9cf64d3a"},
    {file = "pywin32-306-cp312-cp312-win32.whl", hash = "sha256:383229d515657f4e3ed1343da8be101000562bf514591ff383ae940cad65458b"},
    {file = "pywin32-306-cp312-cp312-win_amd64.whl", hash = "sha256:37257794c1ad39ee9be652da0462dc2e394c8159dfd913a8a4e8eb6fd346da0e"},
    {file = "pywin32-306-cp312-cp312-win_arm64.whl", hash = "sha256:5821ec52f6d321aa59e2db7e0a35b997de60c201943557d108af9d4ae1ec7040"},
    {file = "pywin32-306-cp37-cp37m-win32.whl", hash = "sha256:1c73ea9a0d2283d889001998059f5eaaba3b6238f767c9cf2833b13e6a685f65"},
    {file = "pywin32-306-cp37-cp37m-win_amd64.whl", hash = "sha256:72c5f621542d7bdd4fdb716227be0dd3f8565c11b280be6315b06ace35487d36"},
    {file = "pywin32-306-cp38-cp38-win32.whl", hash = "sha256:e4c092e2589b5cf0d365849e73e02c391c1349958c5ac3e9d5ccb9a28e017b3a"},
    {file = "pywin32-306-cp38-cp38-win_amd64.whl", hash = "sha256:e8ac1ae3601bee6ca9f7cb4b5363bf1c0badb935ef243c4733ff9a393b1690c0"},
    {file = "pywin32-306-cp39-cp39-win32.whl", hash = "sha256:e25fd5b485b55ac9c057f67d94bc203f3f6595078d1fb3b458c9c28b7153a802"},
    {file = "pywin32-306-cp39-cp39-win_amd64.whl", hash = "sha256:39b61c15272833b5c329a2989999dcae836b1eed650252ab1b7bfbe1d59f30f4"},
]

[[package]]
name = "shiboken6"
version = "6.6.3"
description = "Python/C++ bindings helper module"
optional = false
python-versions = "<3.13,>=3.8"
files = [
    {file = "shiboken6-6.6.3-cp38-abi3-macosx_11_0_universal2.whl", hash = "sha256:67f980fec13fd9292be483b9fabfce6c3dc537a5aec196578793a4b7c49d3e96"},
    {file = "shiboken6-6.6.3-cp38-abi3-manylinux_2_28_x86_64.whl", hash = "sha256:068bb9d9f49b70f36bbd673013e032ac6c9cde5f771b134bd04611330867d9d7"},
    {file = "shiboken6-6.6.3-cp38-abi3-manylinux_2_31_aarch64.whl", hash = "sha256:eb547c61c3360eb9086365cf42e57b2548be44f1db48b930af5e074cc73ec5d1"},
    {file = "shiboken6-6.6.3-cp38-abi3-win_amd64.whl", hash = "sha256:b99b090361db9a7cbd5f22019ad7915819b57aab2d5920f7591f344bcd66e6d2"},
]

[metadata]
lock-version = "2.0"
python-versions = ">=3.12,<3.13"
content-hash = "1e582efa3d1388e27d9097eff826b817c1e9ad23c6962036815b3fd02ce9ea46"
